
Microsoft Visual Studio Solution File, Format Version 12.00
# Visual Studio Version 16
VisualStudioVersion = 16.0.31410.357
MinimumVisualStudioVersion = 10.0.40219.1
Project("{FAE04EC0-301F-11D3-BF4B-00C04F79EFBC}") = "first_N_num", "first_N_num.csproj", "{5E489C95-93DD-4702-B337-DCAE619134AD}"
EndProject
Global
	GlobalSection(SolutionConfigurationPlatforms) = preSolution
		Debug|Any CPU = Debug|Any CPU
		Release|Any CPU = Release|Any CPU
	EndGlobalSection
	GlobalSection(ProjectConfigurationPlatforms) = postSolution
		{5E489C95-93DD-4702-B337-DCAE619134AD}.Debug|Any CPU.ActiveCfg = Debug|Any CPU
		{5E489C95-93DD-4702-B337-DCAE619134AD}.Debug|Any CPU.Build.0 = Debug|Any CPU
		{5E489C95-93DD-4702-B337-DCAE619134AD}.Release|Any CPU.ActiveCfg = Release|Any CPU
		{5E489C95-93DD-4702-B337-DCAE619134AD}.Release|Any CPU.Build.0 = Release|Any CPU
	EndGlobalSection
	GlobalSection(SolutionProperties) = preSolution
		HideSolutionNode = FALSE
	EndGlobalSection
	GlobalSection(ExtensibilityGlobals) = postSolution
		SolutionGuid = {023CCAA7-939F-422B-8B86-A427429DAAD2}
	EndGlobalSection
EndGlobal
